
Microsoft Visual Studio Solution File, Format Version 12.00
# Visual Studio 14
VisualStudioVersion = 14.0.25420.1
MinimumVisualStudioVersion = 10.0.40219.1
Project("{FAE04EC0-301F-11D3-BF4B-00C04F79EFBC}") = "ConsoleApplication9", "ConsoleApplication9\ConsoleApplication9.csproj", "{6853D6FD-7825-4E16-8609-C6230733C27C}"
EndProject
Project("{FAE04EC0-301F-11D3-BF4B-00C04F79EFBC}") = "ConsoleApplication1", "ConsoleApplication1\ConsoleApplication1.csproj", "{0A352B89-9E4E-473A-84AB-D1A36A420612}"
EndProject
Project("{FAE04EC0-301F-11D3-BF4B-00C04F79EFBC}") = "ConsoleApplication2", "ConsoleApplication2\ConsoleApplication2.csproj", "{17E3D53C-1EDA-4D54-8B14-E344BFEF5AAD}"
EndProject
Global
	GlobalSection(SolutionConfigurationPlatforms) = preSolution
		Debug|Any CPU = Debug|Any CPU
		Release|Any CPU = Release|Any CPU
	EndGlobalSection
	GlobalSection(ProjectConfigurationPlatforms) = postSolution
		{6853D6FD-7825-4E16-8609-C6230733C27C}.Debug|Any CPU.ActiveCfg = Debug|Any CPU
		{6853D6FD-7825-4E16-8609-C6230733C27C}.Debug|Any CPU.Build.0 = Debug|Any CPU
		{6853D6FD-7825-4E16-8609-C6230733C27C}.Release|Any CPU.ActiveCfg = Release|Any CPU
		{6853D6FD-7825-4E16-8609-C6230733C27C}.Release|Any CPU.Build.0 = Release|Any CPU
		{0A352B89-9E4E-473A-84AB-D1A36A420612}.Debug|Any CPU.ActiveCfg = Debug|Any CPU
		{0A352B89-9E4E-473A-84AB-D1A36A420612}.Debug|Any CPU.Build.0 = Debug|Any CPU
		{0A352B89-9E4E-473A-84AB-D1A36A420612}.Release|Any CPU.ActiveCfg = Release|Any CPU
		{0A352B89-9E4E-473A-84AB-D1A36A420612}.Release|Any CPU.Build.0 = Release|Any CPU
		{17E3D53C-1EDA-4D54-8B14-E344BFEF5AAD}.Debug|Any CPU.ActiveCfg = Debug|Any CPU
		{17E3D53C-1EDA-4D54-8B14-E344BFEF5AAD}.Debug|Any CPU.Build.0 = Debug|Any CPU
		{17E3D53C-1EDA-4D54-8B14-E344BFEF5AAD}.Release|Any CPU.ActiveCfg = Release|Any CPU
		{17E3D53C-1EDA-4D54-8B14-E344BFEF5AAD}.Release|Any CPU.Build.0 = Release|Any CPU
	EndGlobalSection
	GlobalSection(SolutionProperties) = preSolution
		HideSolutionNode = FALSE
	EndGlobalSection
EndGlobal
